{
  "nodes": {
    "advisory-db": {
      "flake": false,
      "locked": {
        "lastModified": 1733749954,
        "narHash": "sha256-2Ug80Uf/oUujxgh02Iy5vTG0V+Ab9+YUHuRLRY0ayiY=",
        "owner": "rustsec",
        "repo": "advisory-db",
        "rev": "ec9ce28714bb38d77a2223e7266df705500a7f11",
        "type": "github"
      },
      "original": {
        "owner": "rustsec",
        "repo": "advisory-db",
        "type": "github"
      }
    },
    "aider-flake": {
      "inputs": {
        "nixpkgs": "nixpkgs"
      },
      "locked": {
        "lastModified": 1743300431,
        "narHash": "sha256-KO+hNke29odcrwpaAUQeaTDGy5ixJgQ/ANZuR2UMxiU=",
        "owner": "smantzavinos",
        "repo": "aider_flake",
        "rev": "65ab799e41d91de8ffecd86e07a841f1dd697d43",
        "type": "github"
      },
      "original": {
        "owner": "smantzavinos",
        "repo": "aider_flake",
        "rev": "65ab799e41d91de8ffecd86e07a841f1dd697d43",
        "type": "github"
      }
    },
    "avante": {
      "flake": false,
      "locked": {
        "lastModified": 1746533451,
        "narHash": "sha256-uc4O8AE+hDMzZjCZrVJNL5zxY3XVa0gJ1F1lTdDZBGY=",
        "owner": "yetone",
        "repo": "avante.nvim",
        "rev": "65c9fcd54f9c1b163c43e34e90ac3fcfb9c7c34b",
        "type": "github"
      },
      "original": {
        "owner": "yetone",
        "repo": "avante.nvim",
        "type": "github"
      }
    },
    "avante-nvim-nightly-flake": {
      "inputs": {
        "avante": "avante",
        "flake-utils": [
          "flake-utils"
        ],
        "nixpkgs": [
          "nixpkgs-unstable"
        ]
      },
      "locked": {
        "lastModified": 1746534044,
        "narHash": "sha256-kFvrobc40wPxtg1fGKGCVtRCjDWIbkpVn1cQBXW9bFo=",
        "owner": "vinnymeller",
        "repo": "avante-nvim-nightly-flake",
        "rev": "3f7284f77439ec743e52f530dc769dfe207bdca4",
        "type": "github"
      },
      "original": {
        "owner": "vinnymeller",
        "repo": "avante-nvim-nightly-flake",
        "type": "github"
      }
    },
    "awesome-neovim-plugins": {
      "inputs": {
        "flake-compat": "flake-compat",
        "flake-utils": "flake-utils",
        "nixpkgs": [
          "nixpkgs"
        ],
        "treefmt-nix": "treefmt-nix"
      },
      "locked": {
        "lastModified": 1746107756,
        "narHash": "sha256-MuNeH5WXccXkVUvDhVNMKZLkwcEEfG4iThNrRSBI6Cc=",
        "owner": "m15a",
        "repo": "flake-awesome-neovim-plugins",
        "rev": "2896d32cb7e8344d3bc566100bdfc4207acdf544",
        "type": "github"
      },
      "original": {
        "owner": "m15a",
        "repo": "flake-awesome-neovim-plugins",
        "type": "github"
      }
    },
    "buffrs": {
      "inputs": {
        "advisory-db": "advisory-db",
        "crane": "crane",
        "flake-utils": "flake-utils_2",
        "nixpkgs": "nixpkgs_2",
        "rust-overlay": "rust-overlay"
      },
      "locked": {
        "lastModified": 1744727197,
        "narHash": "sha256-lqSaXTuIXeuvS01i/35oLUU39FpVEpMoR3OSRstKhjI=",
        "owner": "helsing-ai",
        "repo": "buffrs",
        "rev": "951e7fb10325a33b17a96c2af9f5203d069429dc",
        "type": "github"
      },
      "original": {
        "owner": "helsing-ai",
        "repo": "buffrs",
        "type": "github"
      }
    },
    "crane": {
      "locked": {
        "lastModified": 1733688869,
        "narHash": "sha256-KrhxxFj1CjESDrL5+u/zsVH0K+Ik9tvoac/oFPoxSB8=",
        "owner": "ipetkov",
        "repo": "crane",
        "rev": "604637106e420ad99907cae401e13ab6b452e7d9",
        "type": "github"
      },
      "original": {
        "owner": "ipetkov",
        "repo": "crane",
        "type": "github"
      }
    },
    "flake-compat": {
      "flake": false,
      "locked": {
        "lastModified": 1733328505,
        "narHash": "sha256-NeCCThCEP3eCl2l/+27kNNK7QrwZB1IJCrXfrbv5oqU=",
        "owner": "edolstra",
        "repo": "flake-compat",
        "rev": "ff81ac966bb2cae68946d5ed5fc4994f96d0ffec",
        "type": "github"
      },
      "original": {
        "owner": "edolstra",
        "repo": "flake-compat",
        "type": "github"
      }
    },
    "flake-utils": {
      "inputs": {
        "systems": "systems"
      },
      "locked": {
        "lastModified": 1731533236,
        "narHash": "sha256-l0KFg5HjrsfsO/JpG+r7fRrqm12kzFHyUHqHCVpMMbI=",
        "owner": "numtide",
        "repo": "flake-utils",
        "rev": "11707dc2f618dd54ca8739b309ec4fc024de578b",
        "type": "github"
      },
      "original": {
        "owner": "numtide",
        "repo": "flake-utils",
        "type": "github"
      }
    },
    "flake-utils_2": {
      "inputs": {
        "systems": "systems_2"
      },
      "locked": {
        "lastModified": 1731533236,
        "narHash": "sha256-l0KFg5HjrsfsO/JpG+r7fRrqm12kzFHyUHqHCVpMMbI=",
        "owner": "numtide",
        "repo": "flake-utils",
        "rev": "11707dc2f618dd54ca8739b309ec4fc024de578b",
        "type": "github"
      },
      "original": {
        "owner": "numtide",
        "repo": "flake-utils",
        "type": "github"
      }
    },
    "flake-utils_3": {
      "inputs": {
        "systems": "systems_3"
      },
      "locked": {
        "lastModified": 1731533236,
        "narHash": "sha256-l0KFg5HjrsfsO/JpG+r7fRrqm12kzFHyUHqHCVpMMbI=",
        "owner": "numtide",
        "repo": "flake-utils",
        "rev": "11707dc2f618dd54ca8739b309ec4fc024de578b",
        "type": "github"
      },
      "original": {
        "owner": "numtide",
        "repo": "flake-utils",
        "type": "github"
      }
    },
    "flake-utils_4": {
      "inputs": {
        "systems": "systems_4"
      },
      "locked": {
        "lastModified": 1689068808,
        "narHash": "sha256-6ixXo3wt24N/melDWjq70UuHQLxGV8jZvooRanIHXw0=",
        "owner": "numtide",
        "repo": "flake-utils",
        "rev": "919d646de7be200f3bf08cb76ae1f09402b6f9b4",
        "type": "github"
      },
      "original": {
        "owner": "numtide",
        "repo": "flake-utils",
        "type": "github"
      }
    },
    "flake-utils_5": {
      "inputs": {
        "systems": "systems_5"
      },
      "locked": {
        "lastModified": 1701680307,
        "narHash": "sha256-kAuep2h5ajznlPMD9rnQyffWG8EM/C73lejGofXvdM8=",
        "owner": "numtide",
        "repo": "flake-utils",
        "rev": "4022d587cbbfd70fe950c1e2083a02621806a725",
        "type": "github"
      },
      "original": {
        "owner": "numtide",
        "repo": "flake-utils",
        "type": "github"
      }
    },
    "home-manager": {
      "inputs": {
        "nixpkgs": [
          "nixpkgs"
        ]
      },
      "locked": {
        "lastModified": 1746171682,
        "narHash": "sha256-EyXUNSa+H+YvGVuQJP1nZskXAowxKYp79RNUsNdQTj4=",
        "owner": "nix-community",
        "repo": "home-manager",
        "rev": "50eee705bbdbac942074a8c120e8194185633675",
        "type": "github"
      },
      "original": {
        "owner": "nix-community",
        "ref": "release-24.11",
        "repo": "home-manager",
        "type": "github"
      }
    },
    "nix-github-actions": {
      "inputs": {
        "nixpkgs": [
          "nixneovimplugins",
          "poetry2nix",
          "nixpkgs"
        ]
      },
      "locked": {
        "lastModified": 1688870561,
        "narHash": "sha256-4UYkifnPEw1nAzqqPOTL2MvWtm3sNGw1UTYTalkTcGY=",
        "owner": "nix-community",
        "repo": "nix-github-actions",
        "rev": "165b1650b753316aa7f1787f3005a8d2da0f5301",
        "type": "github"
      },
      "original": {
        "owner": "nix-community",
        "repo": "nix-github-actions",
        "type": "github"
      }
    },
    "nixneovimplugins": {
      "inputs": {
        "flake-utils": "flake-utils_4",
        "nixpkgs": [
          "nixpkgs"
        ],
        "poetry2nix": "poetry2nix"
      },
      "locked": {
        "lastModified": 1746393623,
        "narHash": "sha256-+tCJLQGvz+MTh4yb/9yYsAyN902ZOUt3+zDK+t2NZFE=",
        "owner": "NixNeovim",
        "repo": "NixNeovimPlugins",
        "rev": "72492f63afb3ccad8e2bc205b0737f4ccf15450d",
        "type": "github"
      },
      "original": {
        "owner": "NixNeovim",
        "repo": "NixNeovimPlugins",
        "type": "github"
      }
    },
    "nixos-hardware": {
      "locked": {
        "lastModified": 1746468201,
        "narHash": "sha256-hSOSlrvMJwGr8hX/gc0mnhUf5UIClMDUAadfXlSXzfc=",
        "owner": "NixOS",
        "repo": "nixos-hardware",
        "rev": "6aabf68429c0a414221d1790945babfb6a0bd068",
        "type": "github"
      },
      "original": {
        "owner": "NixOS",
        "repo": "nixos-hardware",
        "type": "github"
      }
    },
    "nixpkgs": {
      "locked": {
        "lastModified": 1733212471,
        "narHash": "sha256-M1+uCoV5igihRfcUKrr1riygbe73/dzNnzPsmaLCmpo=",
        "owner": "nixos",
        "repo": "nixpkgs",
        "rev": "55d15ad12a74eb7d4646254e13638ad0c4128776",
        "type": "github"
      },
      "original": {
        "owner": "nixos",
        "ref": "nixos-unstable",
        "repo": "nixpkgs",
        "type": "github"
      }
    },
    "nixpkgs-unstable": {
      "locked": {
        "lastModified": 1746328495,
        "narHash": "sha256-uKCfuDs7ZM3QpCE/jnfubTg459CnKnJG/LwqEVEdEiw=",
        "owner": "nixos",
        "repo": "nixpkgs",
        "rev": "979daf34c8cacebcd917d540070b52a3c2b9b16e",
        "type": "github"
      },
      "original": {
        "owner": "nixos",
        "ref": "nixos-unstable",
        "repo": "nixpkgs",
        "type": "github"
      }
    },
    "nixpkgs_2": {
      "locked": {
        "lastModified": 1733686850,
        "narHash": "sha256-NQEO/nZWWGTGlkBWtCs/1iF1yl2lmQ1oY/8YZrumn3I=",
        "owner": "NixOS",
        "repo": "nixpkgs",
        "rev": "dd51f52372a20a93c219e8216fe528a648ffcbf4",
        "type": "github"
      },
      "original": {
        "owner": "NixOS",
        "ref": "nixpkgs-unstable",
        "repo": "nixpkgs",
        "type": "github"
      }
    },
    "nixpkgs_3": {
      "locked": {
        "lastModified": 1746422338,
        "narHash": "sha256-NTtKOTLQv6dPfRe00OGSywg37A1FYqldS6xiNmqBUYc=",
        "owner": "nixos",
        "repo": "nixpkgs",
        "rev": "5b35d248e9206c1f3baf8de6a7683fee126364aa",
        "type": "github"
      },
      "original": {
        "owner": "nixos",
        "ref": "nixos-24.11",
        "repo": "nixpkgs",
        "type": "github"
      }
    },
    "nixpkgs_4": {
      "locked": {
        "lastModified": 1744868846,
        "narHash": "sha256-5RJTdUHDmj12Qsv7XOhuospjAjATNiTMElplWnJE9Hs=",
        "owner": "NixOS",
        "repo": "nixpkgs",
        "rev": "ebe4301cbd8f81c4f8d3244b3632338bbeb6d49c",
        "type": "github"
      },
      "original": {
        "owner": "NixOS",
        "ref": "nixpkgs-unstable",
        "repo": "nixpkgs",
        "type": "github"
      }
    },
    "nixpkgs_5": {
      "locked": {
        "lastModified": 1701693815,
        "narHash": "sha256-7BkrXykVWfkn6+c1EhFA3ko4MLi3gVG0p9G96PNnKTM=",
        "owner": "nixos",
        "repo": "nixpkgs",
        "rev": "09ec6a0881e1a36c29d67497693a67a16f4da573",
        "type": "github"
      },
      "original": {
        "owner": "nixos",
        "ref": "nixpkgs-unstable",
        "repo": "nixpkgs",
        "type": "github"
      }
    },
    "poetry2nix": {
      "inputs": {
        "flake-utils": [
          "nixneovimplugins",
          "flake-utils"
        ],
        "nix-github-actions": "nix-github-actions",
        "nixpkgs": [
          "nixneovimplugins",
          "nixpkgs"
        ]
      },
      "locked": {
        "lastModified": 1689849924,
        "narHash": "sha256-d259Z2S7CS7Na04qQNQ6LYQILuI7cf4Rpe76qc4mz40=",
        "owner": "nix-community",
        "repo": "poetry2nix",
        "rev": "1d7eda9336f336392d24e9602be5cb9be7ae405c",
        "type": "github"
      },
      "original": {
        "owner": "nix-community",
        "repo": "poetry2nix",
        "type": "github"
      }
    },
    "root": {
      "inputs": {
        "aider-flake": "aider-flake",
        "avante-nvim-nightly-flake": "avante-nvim-nightly-flake",
        "awesome-neovim-plugins": "awesome-neovim-plugins",
        "buffrs": "buffrs",
        "flake-utils": "flake-utils_3",
        "home-manager": "home-manager",
        "nixneovimplugins": "nixneovimplugins",
        "nixos-hardware": "nixos-hardware",
        "nixpkgs": "nixpkgs_3",
        "nixpkgs-unstable": "nixpkgs-unstable",
        "sops-nix": "sops-nix",
        "whisper-input": "whisper-input"
      }
    },
    "rust-overlay": {
      "inputs": {
        "nixpkgs": [
          "buffrs",
          "nixpkgs"
        ]
      },
      "locked": {
        "lastModified": 1744252416,
        "narHash": "sha256-Vrs2GxaL0tLi9GCIUrutHgPSr+g7GYCetu7argsNrB4=",
        "owner": "oxalica",
        "repo": "rust-overlay",
        "rev": "2af83121f9d2c5281796e60e2b048906a84b9fac",
        "type": "github"
      },
      "original": {
        "owner": "oxalica",
        "repo": "rust-overlay",
        "type": "github"
      }
    },
    "sops-nix": {
      "inputs": {
        "nixpkgs": "nixpkgs_4"
      },
      "locked": {
        "lastModified": 1746485181,
        "narHash": "sha256-PxrrSFLaC7YuItShxmYbMgSuFFuwxBB+qsl9BZUnRvg=",
        "owner": "Mic92",
        "repo": "sops-nix",
        "rev": "e93ee1d900ad264d65e9701a5c6f895683433386",
        "type": "github"
      },
      "original": {
        "owner": "Mic92",
        "repo": "sops-nix",
        "type": "github"
      }
    },
    "systems": {
      "locked": {
        "lastModified": 1681028828,
        "narHash": "sha256-Vy1rq5AaRuLzOxct8nz4T6wlgyUR7zLU309k9mBC768=",
        "owner": "nix-systems",
        "repo": "default",
        "rev": "da67096a3b9bf56a91d16901293e51ba5b49a27e",
        "type": "github"
      },
      "original": {
        "owner": "nix-systems",
        "repo": "default",
        "type": "github"
      }
    },
    "systems_2": {
      "locked": {
        "lastModified": 1681028828,
        "narHash": "sha256-Vy1rq5AaRuLzOxct8nz4T6wlgyUR7zLU309k9mBC768=",
        "owner": "nix-systems",
        "repo": "default",
        "rev": "da67096a3b9bf56a91d16901293e51ba5b49a27e",
        "type": "github"
      },
      "original": {
        "owner": "nix-systems",
        "repo": "default",
        "type": "github"
      }
    },
    "systems_3": {
      "locked": {
        "lastModified": 1681028828,
        "narHash": "sha256-Vy1rq5AaRuLzOxct8nz4T6wlgyUR7zLU309k9mBC768=",
        "owner": "nix-systems",
        "repo": "default",
        "rev": "da67096a3b9bf56a91d16901293e51ba5b49a27e",
        "type": "github"
      },
      "original": {
        "owner": "nix-systems",
        "repo": "default",
        "type": "github"
      }
    },
    "systems_4": {
      "locked": {
        "lastModified": 1681028828,
        "narHash": "sha256-Vy1rq5AaRuLzOxct8nz4T6wlgyUR7zLU309k9mBC768=",
        "owner": "nix-systems",
        "repo": "default",
        "rev": "da67096a3b9bf56a91d16901293e51ba5b49a27e",
        "type": "github"
      },
      "original": {
        "owner": "nix-systems",
        "repo": "default",
        "type": "github"
      }
    },
    "systems_5": {
      "locked": {
        "lastModified": 1681028828,
        "narHash": "sha256-Vy1rq5AaRuLzOxct8nz4T6wlgyUR7zLU309k9mBC768=",
        "owner": "nix-systems",
        "repo": "default",
        "rev": "da67096a3b9bf56a91d16901293e51ba5b49a27e",
        "type": "github"
      },
      "original": {
        "owner": "nix-systems",
        "repo": "default",
        "type": "github"
      }
    },
    "treefmt-nix": {
      "inputs": {
        "nixpkgs": [
          "awesome-neovim-plugins",
          "nixpkgs"
        ]
      },
      "locked": {
        "lastModified": 1745929750,
        "narHash": "sha256-k5ELLpTwRP/OElcLpNaFWLNf8GRDq4/eHBmFy06gGko=",
        "owner": "numtide",
        "repo": "treefmt-nix",
        "rev": "82bf32e541b30080d94e46af13d46da0708609ea",
        "type": "github"
      },
      "original": {
        "owner": "numtide",
        "repo": "treefmt-nix",
        "type": "github"
      }
    },
    "whisper-input": {
      "inputs": {
        "flake-utils": "flake-utils_5",
        "nixpkgs": "nixpkgs_5"
      },
      "locked": {
        "lastModified": 1701978359,
        "narHash": "sha256-FyvIckvXmgPz6eoiuxaqzxrq3pYFyRQqlLVY1S2etCY=",
        "owner": "Quoteme",
        "repo": "whisper-input",
        "rev": "2ddac6100928297dab028446ef8dc9b17325b833",
        "type": "github"
      },
      "original": {
        "owner": "Quoteme",
        "repo": "whisper-input",
        "rev": "2ddac6100928297dab028446ef8dc9b17325b833",
        "type": "github"
      }
    }
  },
  "root": "root",
  "version": 7
}
