{
  "nodes": {
    "aider-flake": {
      "inputs": {
        "nixpkgs": "nixpkgs"
      },
      "locked": {
        "lastModified": 1723718419,
        "narHash": "sha256-vnTTLuj1y1MGIIvXddTgMltOmS0RZREU0WkYIKjDT5s=",
        "owner": "smantzavinos",
        "repo": "aider_flake",
        "rev": "7e250ffac1caa357e9f3386d74cb736093dc09b4",
        "type": "github"
      },
      "original": {
        "owner": "smantzavinos",
        "repo": "aider_flake",
        "rev": "7e250ffac1caa357e9f3386d74cb736093dc09b4",
        "type": "github"
      }
    },
    "flake-utils": {
      "inputs": {
        "systems": "systems"
      },
      "locked": {
        "lastModified": 1701680307,
        "narHash": "sha256-kAuep2h5ajznlPMD9rnQyffWG8EM/C73lejGofXvdM8=",
        "owner": "numtide",
        "repo": "flake-utils",
        "rev": "4022d587cbbfd70fe950c1e2083a02621806a725",
        "type": "github"
      },
      "original": {
        "owner": "numtide",
        "repo": "flake-utils",
        "type": "github"
      }
    },
    "home-manager": {
      "inputs": {
        "nixpkgs": [
          "nixpkgs"
        ]
      },
      "locked": {
        "lastModified": 1723399884,
        "narHash": "sha256-97wn0ihhGqfMb8WcUgzzkM/TuAxce2Gd20A8oiruju4=",
        "owner": "nix-community",
        "repo": "home-manager",
        "rev": "086f619dd991a4d355c07837448244029fc2d9ab",
        "type": "github"
      },
      "original": {
        "owner": "nix-community",
        "repo": "home-manager",
        "type": "github"
      }
    },
    "nixpkgs": {
      "locked": {
        "lastModified": 1723362943,
        "narHash": "sha256-dFZRVSgmJkyM0bkPpaYRtG/kRMRTorUIDj8BxoOt1T4=",
        "owner": "nixos",
        "repo": "nixpkgs",
        "rev": "a58bc8ad779655e790115244571758e8de055e3d",
        "type": "github"
      },
      "original": {
        "owner": "nixos",
        "ref": "nixos-unstable",
        "repo": "nixpkgs",
        "type": "github"
      }
    },
    "nixpkgs_2": {
      "locked": {
        "lastModified": 1723362943,
        "narHash": "sha256-dFZRVSgmJkyM0bkPpaYRtG/kRMRTorUIDj8BxoOt1T4=",
        "owner": "nixos",
        "repo": "nixpkgs",
        "rev": "a58bc8ad779655e790115244571758e8de055e3d",
        "type": "github"
      },
      "original": {
        "owner": "nixos",
        "ref": "nixos-unstable",
        "repo": "nixpkgs",
        "type": "github"
      }
    },
    "nixpkgs_3": {
      "locked": {
        "lastModified": 1701693815,
        "narHash": "sha256-7BkrXykVWfkn6+c1EhFA3ko4MLi3gVG0p9G96PNnKTM=",
        "owner": "nixos",
        "repo": "nixpkgs",
        "rev": "09ec6a0881e1a36c29d67497693a67a16f4da573",
        "type": "github"
      },
      "original": {
        "owner": "nixos",
        "ref": "nixpkgs-unstable",
        "repo": "nixpkgs",
        "type": "github"
      }
    },
    "root": {
      "inputs": {
        "aider-flake": "aider-flake",
        "home-manager": "home-manager",
        "nixpkgs": "nixpkgs_2",
        "whisper-input": "whisper-input"
      }
    },
    "systems": {
      "locked": {
        "lastModified": 1681028828,
        "narHash": "sha256-Vy1rq5AaRuLzOxct8nz4T6wlgyUR7zLU309k9mBC768=",
        "owner": "nix-systems",
        "repo": "default",
        "rev": "da67096a3b9bf56a91d16901293e51ba5b49a27e",
        "type": "github"
      },
      "original": {
        "owner": "nix-systems",
        "repo": "default",
        "type": "github"
      }
    },
    "whisper-input": {
      "inputs": {
        "flake-utils": "flake-utils",
        "nixpkgs": "nixpkgs_3"
      },
      "locked": {
        "lastModified": 1701978359,
        "narHash": "sha256-FyvIckvXmgPz6eoiuxaqzxrq3pYFyRQqlLVY1S2etCY=",
        "owner": "Quoteme",
        "repo": "whisper-input",
        "rev": "2ddac6100928297dab028446ef8dc9b17325b833",
        "type": "github"
      },
      "original": {
        "owner": "Quoteme",
        "repo": "whisper-input",
        "rev": "2ddac6100928297dab028446ef8dc9b17325b833",
        "type": "github"
      }
    }
  },
  "root": "root",
  "version": 7
}
